
Microsoft Visual Studio Solution File, Format Version 12.00
# Visual Studio 15
VisualStudioVersion = 15.0.28307.106
MinimumVisualStudioVersion = 10.0.40219.1
Project("{9A19103F-16F7-4668-BE54-9A1E7A4F7556}") = "Core3", "Core3\Core3.csproj", "{88089927-F361-4278-8292-FD258DA0BD30}"
EndProject
Project("{2150E333-8FDC-42A3-9474-1A3956D46DE8}") = "Tests", "Tests", "{0E504377-888D-4FEF-B1FF-E15CE25C9C81}"
EndProject
Project("{9A19103F-16F7-4668-BE54-9A1E7A4F7556}") = "Core3.Tests", "Tests\Core3.Tests\Core3.Tests.csproj", "{66389012-5DFC-453F-9571-73AD8D2CE504}"
EndProject
Project("{2150E333-8FDC-42A3-9474-1A3956D46DE8}") = "Examples", "Examples", "{3A817A63-C2A8-4FAC-946A-F720A0C4A107}"
EndProject
Project("{9A19103F-16F7-4668-BE54-9A1E7A4F7556}") = "Example01.HelloWorld", "Examples\Example01.HelloWorld\Example01.HelloWorld.csproj", "{EDCAB00E-F8EE-4B20-8F28-B244AF4E6253}"
EndProject
Project("{9A19103F-16F7-4668-BE54-9A1E7A4F7556}") = "Example02.MagicEightball", "Examples\Example02.MagicEightball\Example02.MagicEightball.csproj", "{D4E03FE5-B5D8-4D56-9D56-77325F24E88E}"
EndProject
Project("{9A19103F-16F7-4668-BE54-9A1E7A4F7556}") = "Menu.Example01.DriveInfo", "Examples\Menu.Example01.DriveInfo\Menu.Example01.DriveInfo.csproj", "{EA76882E-05A1-4365-AEF0-4D0A060E0200}"
EndProject
Project("{2150E333-8FDC-42A3-9474-1A3956D46DE8}") = "Solution Items", "Solution Items", "{D9581564-289C-4FA0-AC60-F1D0A1F61D44}"
	ProjectSection(SolutionItems) = preProject
		LICENSE = LICENSE
		README.md = README.md
	EndProjectSection
EndProject
Global
	GlobalSection(SolutionConfigurationPlatforms) = preSolution
		Debug|Any CPU = Debug|Any CPU
		Release|Any CPU = Release|Any CPU
	EndGlobalSection
	GlobalSection(ProjectConfigurationPlatforms) = postSolution
		{88089927-F361-4278-8292-FD258DA0BD30}.Debug|Any CPU.ActiveCfg = Debug|Any CPU
		{88089927-F361-4278-8292-FD258DA0BD30}.Debug|Any CPU.Build.0 = Debug|Any CPU
		{88089927-F361-4278-8292-FD258DA0BD30}.Release|Any CPU.ActiveCfg = Release|Any CPU
		{88089927-F361-4278-8292-FD258DA0BD30}.Release|Any CPU.Build.0 = Release|Any CPU
		{66389012-5DFC-453F-9571-73AD8D2CE504}.Debug|Any CPU.ActiveCfg = Debug|Any CPU
		{66389012-5DFC-453F-9571-73AD8D2CE504}.Debug|Any CPU.Build.0 = Debug|Any CPU
		{66389012-5DFC-453F-9571-73AD8D2CE504}.Release|Any CPU.ActiveCfg = Release|Any CPU
		{66389012-5DFC-453F-9571-73AD8D2CE504}.Release|Any CPU.Build.0 = Release|Any CPU
		{EDCAB00E-F8EE-4B20-8F28-B244AF4E6253}.Debug|Any CPU.ActiveCfg = Debug|Any CPU
		{EDCAB00E-F8EE-4B20-8F28-B244AF4E6253}.Debug|Any CPU.Build.0 = Debug|Any CPU
		{EDCAB00E-F8EE-4B20-8F28-B244AF4E6253}.Release|Any CPU.ActiveCfg = Release|Any CPU
		{EDCAB00E-F8EE-4B20-8F28-B244AF4E6253}.Release|Any CPU.Build.0 = Release|Any CPU
		{D4E03FE5-B5D8-4D56-9D56-77325F24E88E}.Debug|Any CPU.ActiveCfg = Debug|Any CPU
		{D4E03FE5-B5D8-4D56-9D56-77325F24E88E}.Debug|Any CPU.Build.0 = Debug|Any CPU
		{D4E03FE5-B5D8-4D56-9D56-77325F24E88E}.Release|Any CPU.ActiveCfg = Release|Any CPU
		{D4E03FE5-B5D8-4D56-9D56-77325F24E88E}.Release|Any CPU.Build.0 = Release|Any CPU
		{EA76882E-05A1-4365-AEF0-4D0A060E0200}.Debug|Any CPU.ActiveCfg = Debug|Any CPU
		{EA76882E-05A1-4365-AEF0-4D0A060E0200}.Debug|Any CPU.Build.0 = Debug|Any CPU
		{EA76882E-05A1-4365-AEF0-4D0A060E0200}.Release|Any CPU.ActiveCfg = Release|Any CPU
		{EA76882E-05A1-4365-AEF0-4D0A060E0200}.Release|Any CPU.Build.0 = Release|Any CPU
	EndGlobalSection
	GlobalSection(SolutionProperties) = preSolution
		HideSolutionNode = FALSE
	EndGlobalSection
	GlobalSection(NestedProjects) = preSolution
		{66389012-5DFC-453F-9571-73AD8D2CE504} = {0E504377-888D-4FEF-B1FF-E15CE25C9C81}
		{EDCAB00E-F8EE-4B20-8F28-B244AF4E6253} = {3A817A63-C2A8-4FAC-946A-F720A0C4A107}
		{D4E03FE5-B5D8-4D56-9D56-77325F24E88E} = {3A817A63-C2A8-4FAC-946A-F720A0C4A107}
		{EA76882E-05A1-4365-AEF0-4D0A060E0200} = {3A817A63-C2A8-4FAC-946A-F720A0C4A107}
	EndGlobalSection
	GlobalSection(ExtensibilityGlobals) = postSolution
		SolutionGuid = {FBD19832-BE46-4068-A46B-82752E262FEA}
	EndGlobalSection
EndGlobal
